
Microsoft Visual Studio Solution File, Format Version 12.00
# Visual Studio Version 16
VisualStudioVersion = 16.0.29009.5
MinimumVisualStudioVersion = 10.0.40219.1
Project("{FAE04EC0-301F-11D3-BF4B-00C04F79EFBC}") = "statki", "statki\statki.csproj", "{4D691718-7455-4637-AF4D-0389F4484DDB}"
EndProject
Global
	GlobalSection(SolutionConfigurationPlatforms) = preSolution
		Debug|Any CPU = Debug|Any CPU
		Release|Any CPU = Release|Any CPU
	EndGlobalSection
	GlobalSection(ProjectConfigurationPlatforms) = postSolution
		{4D691718-7455-4637-AF4D-0389F4484DDB}.Debug|Any CPU.ActiveCfg = Debug|Any CPU
		{4D691718-7455-4637-AF4D-0389F4484DDB}.Debug|Any CPU.Build.0 = Debug|Any CPU
		{4D691718-7455-4637-AF4D-0389F4484DDB}.Release|Any CPU.ActiveCfg = Release|Any CPU
		{4D691718-7455-4637-AF4D-0389F4484DDB}.Release|Any CPU.Build.0 = Release|Any CPU
	EndGlobalSection
	GlobalSection(SolutionProperties) = preSolution
		HideSolutionNode = FALSE
	EndGlobalSection
	GlobalSection(ExtensibilityGlobals) = postSolution
		SolutionGuid = {81C0188F-4A96-4269-8DA9-93EC62A04A45}
	EndGlobalSection
EndGlobal
